
Microsoft Visual Studio Solution File, Format Version 12.00
# Visual Studio 15
VisualStudioVersion = 15.0.27130.2027
MinimumVisualStudioVersion = 10.0.40219.1
Project("{FAE04EC0-301F-11D3-BF4B-00C04F79EFBC}") = "ZooSample", "ZooSample\ZooSample.csproj", "{EEB422AF-578D-425C-8432-20CCEF9984AD}"
EndProject
Project("{FAE04EC0-301F-11D3-BF4B-00C04F79EFBC}") = "ZooRunner.Tests", "ZooRunner.Tests\ZooRunner.Tests.csproj", "{6F6557C4-D72F-48D9-98A8-D5B04C73EC9E}"
EndProject
Project("{FAE04EC0-301F-11D3-BF4B-00C04F79EFBC}") = "ZooRunner", "ZooRunner\ZooRunner.csproj", "{4D5E8B7C-895E-43BB-B2CB-3317B1F03DC5}"
EndProject
Project("{FAE04EC0-301F-11D3-BF4B-00C04F79EFBC}") = "ZooRunner.GUI", "ZooRunner.GUI\ZooRunner.GUI.csproj", "{4F38A2C7-E6F5-4D47-B506-AF92CB2E6787}"
	ProjectSection(ProjectDependencies) = postProject
		{EEB422AF-578D-425C-8432-20CCEF9984AD} = {EEB422AF-578D-425C-8432-20CCEF9984AD}
	EndProjectSection
EndProject
Project("{FAE04EC0-301F-11D3-BF4B-00C04F79EFBC}") = "ZooRunner.2D", "ZooRunner.2D\ZooRunner.2D.csproj", "{9D61F888-6F41-432E-9841-1C4842DA6D40}"
EndProject
Project("{FAE04EC0-301F-11D3-BF4B-00C04F79EFBC}") = "ZooSample.Tests", "ZooSample.Tests\ZooSample.Tests.csproj", "{34F6F839-3013-4B51-B78B-E0BF987E1F9F}"
EndProject
Global
	GlobalSection(SolutionConfigurationPlatforms) = preSolution
		Debug|Any CPU = Debug|Any CPU
		Debug|ARM = Debug|ARM
		Debug|x64 = Debug|x64
		Debug|x86 = Debug|x86
		Release|Any CPU = Release|Any CPU
		Release|ARM = Release|ARM
		Release|x64 = Release|x64
		Release|x86 = Release|x86
	EndGlobalSection
	GlobalSection(ProjectConfigurationPlatforms) = postSolution
		{EEB422AF-578D-425C-8432-20CCEF9984AD}.Debug|Any CPU.ActiveCfg = Debug|Any CPU
		{EEB422AF-578D-425C-8432-20CCEF9984AD}.Debug|Any CPU.Build.0 = Debug|Any CPU
		{EEB422AF-578D-425C-8432-20CCEF9984AD}.Debug|ARM.ActiveCfg = Debug|Any CPU
		{EEB422AF-578D-425C-8432-20CCEF9984AD}.Debug|ARM.Build.0 = Debug|Any CPU
		{EEB422AF-578D-425C-8432-20CCEF9984AD}.Debug|x64.ActiveCfg = Debug|Any CPU
		{EEB422AF-578D-425C-8432-20CCEF9984AD}.Debug|x64.Build.0 = Debug|Any CPU
		{EEB422AF-578D-425C-8432-20CCEF9984AD}.Debug|x86.ActiveCfg = Debug|Any CPU
		{EEB422AF-578D-425C-8432-20CCEF9984AD}.Debug|x86.Build.0 = Debug|Any CPU
		{EEB422AF-578D-425C-8432-20CCEF9984AD}.Release|Any CPU.ActiveCfg = Release|Any CPU
		{EEB422AF-578D-425C-8432-20CCEF9984AD}.Release|Any CPU.Build.0 = Release|Any CPU
		{EEB422AF-578D-425C-8432-20CCEF9984AD}.Release|ARM.ActiveCfg = Release|Any CPU
		{EEB422AF-578D-425C-8432-20CCEF9984AD}.Release|ARM.Build.0 = Release|Any CPU
		{EEB422AF-578D-425C-8432-20CCEF9984AD}.Release|x64.ActiveCfg = Release|Any CPU
		{EEB422AF-578D-425C-8432-20CCEF9984AD}.Release|x64.Build.0 = Release|Any CPU
		{EEB422AF-578D-425C-8432-20CCEF9984AD}.Release|x86.ActiveCfg = Release|Any CPU
		{EEB422AF-578D-425C-8432-20CCEF9984AD}.Release|x86.Build.0 = Release|Any CPU
		{6F6557C4-D72F-48D9-98A8-D5B04C73EC9E}.Debug|Any CPU.ActiveCfg = Debug|Any CPU
		{6F6557C4-D72F-48D9-98A8-D5B04C73EC9E}.Debug|Any CPU.Build.0 = Debug|Any CPU
		{6F6557C4-D72F-48D9-98A8-D5B04C73EC9E}.Debug|ARM.ActiveCfg = Debug|Any CPU
		{6F6557C4-D72F-48D9-98A8-D5B04C73EC9E}.Debug|ARM.Build.0 = Debug|Any CPU
		{6F6557C4-D72F-48D9-98A8-D5B04C73EC9E}.Debug|x64.ActiveCfg = Debug|Any CPU
		{6F6557C4-D72F-48D9-98A8-D5B04C73EC9E}.Debug|x64.Build.0 = Debug|Any CPU
		{6F6557C4-D72F-48D9-98A8-D5B04C73EC9E}.Debug|x86.ActiveCfg = Debug|Any CPU
		{6F6557C4-D72F-48D9-98A8-D5B04C73EC9E}.Debug|x86.Build.0 = Debug|Any CPU
		{6F6557C4-D72F-48D9-98A8-D5B04C73EC9E}.Release|Any CPU.ActiveCfg = Release|Any CPU
		{6F6557C4-D72F-48D9-98A8-D5B04C73EC9E}.Release|Any CPU.Build.0 = Release|Any CPU
		{6F6557C4-D72F-48D9-98A8-D5B04C73EC9E}.Release|ARM.ActiveCfg = Release|Any CPU
		{6F6557C4-D72F-48D9-98A8-D5B04C73EC9E}.Release|ARM.Build.0 = Release|Any CPU
		{6F6557C4-D72F-48D9-98A8-D5B04C73EC9E}.Release|x64.ActiveCfg = Release|Any CPU
		{6F6557C4-D72F-48D9-98A8-D5B04C73EC9E}.Release|x64.Build.0 = Release|Any CPU
		{6F6557C4-D72F-48D9-98A8-D5B04C73EC9E}.Release|x86.ActiveCfg = Release|Any CPU
		{6F6557C4-D72F-48D9-98A8-D5B04C73EC9E}.Release|x86.Build.0 = Release|Any CPU
		{4D5E8B7C-895E-43BB-B2CB-3317B1F03DC5}.Debug|Any CPU.ActiveCfg = Debug|Any CPU
		{4D5E8B7C-895E-43BB-B2CB-3317B1F03DC5}.Debug|Any CPU.Build.0 = Debug|Any CPU
		{4D5E8B7C-895E-43BB-B2CB-3317B1F03DC5}.Debug|ARM.ActiveCfg = Debug|Any CPU
		{4D5E8B7C-895E-43BB-B2CB-3317B1F03DC5}.Debug|ARM.Build.0 = Debug|Any CPU
		{4D5E8B7C-895E-43BB-B2CB-3317B1F03DC5}.Debug|x64.ActiveCfg = Debug|Any CPU
		{4D5E8B7C-895E-43BB-B2CB-3317B1F03DC5}.Debug|x64.Build.0 = Debug|Any CPU
		{4D5E8B7C-895E-43BB-B2CB-3317B1F03DC5}.Debug|x86.ActiveCfg = Debug|Any CPU
		{4D5E8B7C-895E-43BB-B2CB-3317B1F03DC5}.Debug|x86.Build.0 = Debug|Any CPU
		{4D5E8B7C-895E-43BB-B2CB-3317B1F03DC5}.Release|Any CPU.ActiveCfg = Release|Any CPU
		{4D5E8B7C-895E-43BB-B2CB-3317B1F03DC5}.Release|Any CPU.Build.0 = Release|Any CPU
		{4D5E8B7C-895E-43BB-B2CB-3317B1F03DC5}.Release|ARM.ActiveCfg = Release|Any CPU
		{4D5E8B7C-895E-43BB-B2CB-3317B1F03DC5}.Release|ARM.Build.0 = Release|Any CPU
		{4D5E8B7C-895E-43BB-B2CB-3317B1F03DC5}.Release|x64.ActiveCfg = Release|Any CPU
		{4D5E8B7C-895E-43BB-B2CB-3317B1F03DC5}.Release|x64.Build.0 = Release|Any CPU
		{4D5E8B7C-895E-43BB-B2CB-3317B1F03DC5}.Release|x86.ActiveCfg = Release|Any CPU
		{4D5E8B7C-895E-43BB-B2CB-3317B1F03DC5}.Release|x86.Build.0 = Release|Any CPU
		{4F38A2C7-E6F5-4D47-B506-AF92CB2E6787}.Debug|Any CPU.ActiveCfg = Debug|Any CPU
		{4F38A2C7-E6F5-4D47-B506-AF92CB2E6787}.Debug|Any CPU.Build.0 = Debug|Any CPU
		{4F38A2C7-E6F5-4D47-B506-AF92CB2E6787}.Debug|ARM.ActiveCfg = Debug|Any CPU
		{4F38A2C7-E6F5-4D47-B506-AF92CB2E6787}.Debug|ARM.Build.0 = Debug|Any CPU
		{4F38A2C7-E6F5-4D47-B506-AF92CB2E6787}.Debug|x64.ActiveCfg = Debug|Any CPU
		{4F38A2C7-E6F5-4D47-B506-AF92CB2E6787}.Debug|x64.Build.0 = Debug|Any CPU
		{4F38A2C7-E6F5-4D47-B506-AF92CB2E6787}.Debug|x86.ActiveCfg = Debug|Any CPU
		{4F38A2C7-E6F5-4D47-B506-AF92CB2E6787}.Debug|x86.Build.0 = Debug|Any CPU
		{4F38A2C7-E6F5-4D47-B506-AF92CB2E6787}.Release|Any CPU.ActiveCfg = Release|Any CPU
		{4F38A2C7-E6F5-4D47-B506-AF92CB2E6787}.Release|Any CPU.Build.0 = Release|Any CPU
		{4F38A2C7-E6F5-4D47-B506-AF92CB2E6787}.Release|ARM.ActiveCfg = Release|Any CPU
		{4F38A2C7-E6F5-4D47-B506-AF92CB2E6787}.Release|ARM.Build.0 = Release|Any CPU
		{4F38A2C7-E6F5-4D47-B506-AF92CB2E6787}.Release|x64.ActiveCfg = Release|Any CPU
		{4F38A2C7-E6F5-4D47-B506-AF92CB2E6787}.Release|x64.Build.0 = Release|Any CPU
		{4F38A2C7-E6F5-4D47-B506-AF92CB2E6787}.Release|x86.ActiveCfg = Release|Any CPU
		{4F38A2C7-E6F5-4D47-B506-AF92CB2E6787}.Release|x86.Build.0 = Release|Any CPU
		{9D61F888-6F41-432E-9841-1C4842DA6D40}.Debug|Any CPU.ActiveCfg = Debug|Any CPU
		{9D61F888-6F41-432E-9841-1C4842DA6D40}.Debug|Any CPU.Build.0 = Debug|Any CPU
		{9D61F888-6F41-432E-9841-1C4842DA6D40}.Debug|ARM.ActiveCfg = Debug|Any CPU
		{9D61F888-6F41-432E-9841-1C4842DA6D40}.Debug|ARM.Build.0 = Debug|Any CPU
		{9D61F888-6F41-432E-9841-1C4842DA6D40}.Debug|x64.ActiveCfg = Debug|Any CPU
		{9D61F888-6F41-432E-9841-1C4842DA6D40}.Debug|x64.Build.0 = Debug|Any CPU
		{9D61F888-6F41-432E-9841-1C4842DA6D40}.Debug|x86.ActiveCfg = Debug|Any CPU
		{9D61F888-6F41-432E-9841-1C4842DA6D40}.Debug|x86.Build.0 = Debug|Any CPU
		{9D61F888-6F41-432E-9841-1C4842DA6D40}.Release|Any CPU.ActiveCfg = Release|Any CPU
		{9D61F888-6F41-432E-9841-1C4842DA6D40}.Release|Any CPU.Build.0 = Release|Any CPU
		{9D61F888-6F41-432E-9841-1C4842DA6D40}.Release|ARM.ActiveCfg = Release|Any CPU
		{9D61F888-6F41-432E-9841-1C4842DA6D40}.Release|ARM.Build.0 = Release|Any CPU
		{9D61F888-6F41-432E-9841-1C4842DA6D40}.Release|x64.ActiveCfg = Release|Any CPU
		{9D61F888-6F41-432E-9841-1C4842DA6D40}.Release|x64.Build.0 = Release|Any CPU
		{9D61F888-6F41-432E-9841-1C4842DA6D40}.Release|x86.ActiveCfg = Release|Any CPU
		{9D61F888-6F41-432E-9841-1C4842DA6D40}.Release|x86.Build.0 = Release|Any CPU
		{34F6F839-3013-4B51-B78B-E0BF987E1F9F}.Debug|Any CPU.ActiveCfg = Debug|Any CPU
		{34F6F839-3013-4B51-B78B-E0BF987E1F9F}.Debug|Any CPU.Build.0 = Debug|Any CPU
		{34F6F839-3013-4B51-B78B-E0BF987E1F9F}.Debug|ARM.ActiveCfg = Debug|Any CPU
		{34F6F839-3013-4B51-B78B-E0BF987E1F9F}.Debug|ARM.Build.0 = Debug|Any CPU
		{34F6F839-3013-4B51-B78B-E0BF987E1F9F}.Debug|x64.ActiveCfg = Debug|Any CPU
		{34F6F839-3013-4B51-B78B-E0BF987E1F9F}.Debug|x64.Build.0 = Debug|Any CPU
		{34F6F839-3013-4B51-B78B-E0BF987E1F9F}.Debug|x86.ActiveCfg = Debug|Any CPU
		{34F6F839-3013-4B51-B78B-E0BF987E1F9F}.Debug|x86.Build.0 = Debug|Any CPU
		{34F6F839-3013-4B51-B78B-E0BF987E1F9F}.Release|Any CPU.ActiveCfg = Release|Any CPU
		{34F6F839-3013-4B51-B78B-E0BF987E1F9F}.Release|Any CPU.Build.0 = Release|Any CPU
		{34F6F839-3013-4B51-B78B-E0BF987E1F9F}.Release|ARM.ActiveCfg = Release|Any CPU
		{34F6F839-3013-4B51-B78B-E0BF987E1F9F}.Release|ARM.Build.0 = Release|Any CPU
		{34F6F839-3013-4B51-B78B-E0BF987E1F9F}.Release|x64.ActiveCfg = Release|Any CPU
		{34F6F839-3013-4B51-B78B-E0BF987E1F9F}.Release|x64.Build.0 = Release|Any CPU
		{34F6F839-3013-4B51-B78B-E0BF987E1F9F}.Release|x86.ActiveCfg = Release|Any CPU
		{34F6F839-3013-4B51-B78B-E0BF987E1F9F}.Release|x86.Build.0 = Release|Any CPU
	EndGlobalSection
	GlobalSection(SolutionProperties) = preSolution
		HideSolutionNode = FALSE
	EndGlobalSection
	GlobalSection(ExtensibilityGlobals) = postSolution
		SolutionGuid = {106D548B-FCB9-448A-85F1-9ADCFB8971DD}
	EndGlobalSection
EndGlobal
